
Microsoft Visual Studio Solution File, Format Version 12.00
# Visual Studio Version 17
VisualStudioVersion = 17.0.31903.59
MinimumVisualStudioVersion = 10.0.40219.1
Project("{2150E333-8FDC-42A3-9474-1A3956D46DE8}") = "src", "src", "{F7F6B7E3-68E9-4ADD-9FED-8BFCA7241F58}"
EndProject
Project("{FAE04EC0-301F-11D3-BF4B-00C04F79EFBC}") = "Fundamentals", "src\01.Fundamentals\Fundamentals.csproj", "{4E371169-B252-4CCF-8058-54AD709FA190}"
EndProject
Project("{FAE04EC0-301F-11D3-BF4B-00C04F79EFBC}") = "RuntimeAndMemory", "src\02.RuntimeAndMemory\RuntimeAndMemory.csproj", "{48B8610C-81EF-45A4-8E32-C1B82AFC0613}"
EndProject
Project("{FAE04EC0-301F-11D3-BF4B-00C04F79EFBC}") = "AspNetCoreSamples", "src\03.AspNetCore\AspNetCoreSamples.csproj", "{052A6E89-D222-426C-B681-43074083B1F4}"
EndProject
Project("{FAE04EC0-301F-11D3-BF4B-00C04F79EFBC}") = "EntityFrameworkCore", "src\04.EntityFrameworkCore\EntityFrameworkCore.csproj", "{699429D4-ACAB-4131-A588-79549E368F00}"
EndProject
Project("{FAE04EC0-301F-11D3-BF4B-00C04F79EFBC}") = "Concurrency", "src\05.Concurrency\Concurrency.csproj", "{BCF3DF27-0CBF-4ACE-B26E-D089928AB789}"
EndProject
Project("{FAE04EC0-301F-11D3-BF4B-00C04F79EFBC}") = "ArchitectureAndPatterns", "src\06.ArchitectureAndPatterns\ArchitectureAndPatterns.csproj", "{985E9D06-7C00-4F34-A16C-6B34B80FF090}"
EndProject
Project("{FAE04EC0-301F-11D3-BF4B-00C04F79EFBC}") = "TestingSamples", "src\07.Testing\TestingSamples.csproj", "{765087B1-6003-42BB-B8D5-4CCA4BC1CA52}"
EndProject
Project("{2150E333-8FDC-42A3-9474-1A3956D46DE8}") = "tests", "tests", "{9E458F9F-A405-419B-B580-D6FC41148AD2}"
EndProject
Project("{FAE04EC0-301F-11D3-BF4B-00C04F79EFBC}") = "TestingSamples.Tests", "tests\07.Testing.Tests\TestingSamples.Tests.csproj", "{841B91DE-801B-4A84-B5BC-09C3DB28E8EB}"
EndProject
Project("{FAE04EC0-301F-11D3-BF4B-00C04F79EFBC}") = "ModernDotNet", "src\08.ModernDotNet\ModernDotNet.csproj", "{A7D47FAA-90B4-4C53-8F16-2EAEB1B30388}"
EndProject
Global
	GlobalSection(SolutionConfigurationPlatforms) = preSolution
		Debug|Any CPU = Debug|Any CPU
		Release|Any CPU = Release|Any CPU
	EndGlobalSection
	GlobalSection(SolutionProperties) = preSolution
		HideSolutionNode = FALSE
	EndGlobalSection
	GlobalSection(ProjectConfigurationPlatforms) = postSolution
		{4E371169-B252-4CCF-8058-54AD709FA190}.Debug|Any CPU.ActiveCfg = Debug|Any CPU
		{4E371169-B252-4CCF-8058-54AD709FA190}.Debug|Any CPU.Build.0 = Debug|Any CPU
		{4E371169-B252-4CCF-8058-54AD709FA190}.Release|Any CPU.ActiveCfg = Release|Any CPU
		{4E371169-B252-4CCF-8058-54AD709FA190}.Release|Any CPU.Build.0 = Release|Any CPU
		{48B8610C-81EF-45A4-8E32-C1B82AFC0613}.Debug|Any CPU.ActiveCfg = Debug|Any CPU
		{48B8610C-81EF-45A4-8E32-C1B82AFC0613}.Debug|Any CPU.Build.0 = Debug|Any CPU
		{48B8610C-81EF-45A4-8E32-C1B82AFC0613}.Release|Any CPU.ActiveCfg = Release|Any CPU
		{48B8610C-81EF-45A4-8E32-C1B82AFC0613}.Release|Any CPU.Build.0 = Release|Any CPU
		{052A6E89-D222-426C-B681-43074083B1F4}.Debug|Any CPU.ActiveCfg = Debug|Any CPU
		{052A6E89-D222-426C-B681-43074083B1F4}.Debug|Any CPU.Build.0 = Debug|Any CPU
		{052A6E89-D222-426C-B681-43074083B1F4}.Release|Any CPU.ActiveCfg = Release|Any CPU
		{052A6E89-D222-426C-B681-43074083B1F4}.Release|Any CPU.Build.0 = Release|Any CPU
		{699429D4-ACAB-4131-A588-79549E368F00}.Debug|Any CPU.ActiveCfg = Debug|Any CPU
		{699429D4-ACAB-4131-A588-79549E368F00}.Debug|Any CPU.Build.0 = Debug|Any CPU
		{699429D4-ACAB-4131-A588-79549E368F00}.Release|Any CPU.ActiveCfg = Release|Any CPU
		{699429D4-ACAB-4131-A588-79549E368F00}.Release|Any CPU.Build.0 = Release|Any CPU
		{BCF3DF27-0CBF-4ACE-B26E-D089928AB789}.Debug|Any CPU.ActiveCfg = Debug|Any CPU
		{BCF3DF27-0CBF-4ACE-B26E-D089928AB789}.Debug|Any CPU.Build.0 = Debug|Any CPU
		{BCF3DF27-0CBF-4ACE-B26E-D089928AB789}.Release|Any CPU.ActiveCfg = Release|Any CPU
		{BCF3DF27-0CBF-4ACE-B26E-D089928AB789}.Release|Any CPU.Build.0 = Release|Any CPU
		{985E9D06-7C00-4F34-A16C-6B34B80FF090}.Debug|Any CPU.ActiveCfg = Debug|Any CPU
		{985E9D06-7C00-4F34-A16C-6B34B80FF090}.Debug|Any CPU.Build.0 = Debug|Any CPU
		{985E9D06-7C00-4F34-A16C-6B34B80FF090}.Release|Any CPU.ActiveCfg = Release|Any CPU
		{985E9D06-7C00-4F34-A16C-6B34B80FF090}.Release|Any CPU.Build.0 = Release|Any CPU
		{765087B1-6003-42BB-B8D5-4CCA4BC1CA52}.Debug|Any CPU.ActiveCfg = Debug|Any CPU
		{765087B1-6003-42BB-B8D5-4CCA4BC1CA52}.Debug|Any CPU.Build.0 = Debug|Any CPU
		{765087B1-6003-42BB-B8D5-4CCA4BC1CA52}.Release|Any CPU.ActiveCfg = Release|Any CPU
		{765087B1-6003-42BB-B8D5-4CCA4BC1CA52}.Release|Any CPU.Build.0 = Release|Any CPU
		{841B91DE-801B-4A84-B5BC-09C3DB28E8EB}.Debug|Any CPU.ActiveCfg = Debug|Any CPU
		{841B91DE-801B-4A84-B5BC-09C3DB28E8EB}.Debug|Any CPU.Build.0 = Debug|Any CPU
		{841B91DE-801B-4A84-B5BC-09C3DB28E8EB}.Release|Any CPU.ActiveCfg = Release|Any CPU
		{841B91DE-801B-4A84-B5BC-09C3DB28E8EB}.Release|Any CPU.Build.0 = Release|Any CPU
		{A7D47FAA-90B4-4C53-8F16-2EAEB1B30388}.Debug|Any CPU.ActiveCfg = Debug|Any CPU
		{A7D47FAA-90B4-4C53-8F16-2EAEB1B30388}.Debug|Any CPU.Build.0 = Debug|Any CPU
		{A7D47FAA-90B4-4C53-8F16-2EAEB1B30388}.Release|Any CPU.ActiveCfg = Release|Any CPU
		{A7D47FAA-90B4-4C53-8F16-2EAEB1B30388}.Release|Any CPU.Build.0 = Release|Any CPU
	EndGlobalSection
	GlobalSection(NestedProjects) = preSolution
		{4E371169-B252-4CCF-8058-54AD709FA190} = {F7F6B7E3-68E9-4ADD-9FED-8BFCA7241F58}
		{48B8610C-81EF-45A4-8E32-C1B82AFC0613} = {F7F6B7E3-68E9-4ADD-9FED-8BFCA7241F58}
		{052A6E89-D222-426C-B681-43074083B1F4} = {F7F6B7E3-68E9-4ADD-9FED-8BFCA7241F58}
		{699429D4-ACAB-4131-A588-79549E368F00} = {F7F6B7E3-68E9-4ADD-9FED-8BFCA7241F58}
		{BCF3DF27-0CBF-4ACE-B26E-D089928AB789} = {F7F6B7E3-68E9-4ADD-9FED-8BFCA7241F58}
		{985E9D06-7C00-4F34-A16C-6B34B80FF090} = {F7F6B7E3-68E9-4ADD-9FED-8BFCA7241F58}
		{765087B1-6003-42BB-B8D5-4CCA4BC1CA52} = {F7F6B7E3-68E9-4ADD-9FED-8BFCA7241F58}
		{841B91DE-801B-4A84-B5BC-09C3DB28E8EB} = {9E458F9F-A405-419B-B580-D6FC41148AD2}
		{A7D47FAA-90B4-4C53-8F16-2EAEB1B30388} = {F7F6B7E3-68E9-4ADD-9FED-8BFCA7241F58}
	EndGlobalSection
EndGlobal
